
Microsoft Visual Studio Solution File, Format Version 12.00
# Visual Studio 15
Project("{FAE04EC0-301F-11D3-BF4B-00C04F79EFBC}") = "NewtsCasino", "Assembly-CSharp.csproj", "{AA5560AC-AE01-2378-A2F7-015E1E381DD8}"
EndProject
Global
	GlobalSection(SolutionConfigurationPlatforms) = preSolution
		Debug|Any CPU = Debug|Any CPU
		Release|Any CPU = Release|Any CPU
	EndGlobalSection
	GlobalSection(ProjectConfigurationPlatforms) = postSolution
		{AA5560AC-AE01-2378-A2F7-015E1E381DD8}.Debug|Any CPU.ActiveCfg = Debug|Any CPU
		{AA5560AC-AE01-2378-A2F7-015E1E381DD8}.Debug|Any CPU.Build.0 = Debug|Any CPU
		{AA5560AC-AE01-2378-A2F7-015E1E381DD8}.Release|Any CPU.ActiveCfg = Release|Any CPU
		{AA5560AC-AE01-2378-A2F7-015E1E381DD8}.Release|Any CPU.Build.0 = Release|Any CPU
	EndGlobalSection
	GlobalSection(SolutionProperties) = preSolution
		HideSolutionNode = FALSE
	EndGlobalSection
EndGlobal
